
Microsoft Visual Studio Solution File, Format Version 12.00
# Visual Studio Version 16
VisualStudioVersion = 16.0.34031.81
MinimumVisualStudioVersion = 10.0.40219.1
Project("{2150E333-8FDC-42A3-9474-1A3956D46DE8}") = "Task0", "Task0", "{B7DA126F-EE2B-457D-8F80-B74A8D10899C}"
EndProject
Project("{FAE04EC0-301F-11D3-BF4B-00C04F79EFBC}") = "Tyuiu.SorokinMA.Sprint1.Task0.V7", "Tyuiu.SorokinMA.Sprint1.Task0.V7\Tyuiu.SorokinMA.Sprint1.Task0.V7.csproj", "{4A648B2D-2F04-4A93-B608-F514C2465BCB}"
EndProject
Project("{FAE04EC0-301F-11D3-BF4B-00C04F79EFBC}") = "Tyuiu.SorokinMA.Sprint1.Task0.V7.Lib", "Tyuiu.SorokinMA.Sprint1.Task0.V7.Lib\Tyuiu.SorokinMA.Sprint1.Task0.V7.Lib.csproj", "{280C43ED-620D-4559-96C2-0674FCCD6F40}"
EndProject
Project("{FAE04EC0-301F-11D3-BF4B-00C04F79EFBC}") = "Tyuiu.SorokinMA.Sprint1.Task0.V7.Test", "Tyuiu.SorokinMA.Sprint1.Task0.V7.Test\Tyuiu.SorokinMA.Sprint1.Task0.V7.Test.csproj", "{F469186D-D916-44ED-8A67-E3F403A493F8}"
EndProject
Project("{2150E333-8FDC-42A3-9474-1A3956D46DE8}") = "Task1", "Task1", "{7F7066F1-5BD7-4E23-86AD-437E3656EC83}"
EndProject
Project("{FAE04EC0-301F-11D3-BF4B-00C04F79EFBC}") = "Tyuiu.SorokinMA.Sprint1.Task1.V10", "Tyuiu.SorokinMA.Sprint1.Task1.V10\Tyuiu.SorokinMA.Sprint1.Task1.V10.csproj", "{31C2FA83-12C9-490C-A392-6E25DAD8998E}"
EndProject
Project("{FAE04EC0-301F-11D3-BF4B-00C04F79EFBC}") = "Tyuiu.SorokinMA.Sprint1.Task1.V10.Lib", "Tyuiu.SorokinMA.Sprint1.Task1.V10.Lib\Tyuiu.SorokinMA.Sprint1.Task1.V10.Lib.csproj", "{A57B229F-CB05-43BC-80BB-2F57102A41AE}"
EndProject
Project("{FAE04EC0-301F-11D3-BF4B-00C04F79EFBC}") = "Tyuiu.SorokinMA.Sprint1.Task1.V10.Test", "Tyuiu.SorokinMA.Sprint1.Task1.V10.Test\Tyuiu.SorokinMA.Sprint1.Task1.V10.Test.csproj", "{368CC720-72A0-4B97-B281-0EFC563AD030}"
EndProject
Project("{2150E333-8FDC-42A3-9474-1A3956D46DE8}") = "Task2", "Task2", "{25437988-9D6F-4C99-BA4B-BBE35A2CE027}"
EndProject
Project("{FAE04EC0-301F-11D3-BF4B-00C04F79EFBC}") = "Tyuiu.SorokinMA.Sprint1.Task2.V10", "Tyuiu.SorokinMA.Sprint1.Task2.V10\Tyuiu.SorokinMA.Sprint1.Task2.V10.csproj", "{EA02B7B0-4761-4E88-8371-278D9375A657}"
EndProject
Project("{FAE04EC0-301F-11D3-BF4B-00C04F79EFBC}") = "Tyuiu.SorokinMA.Sprint1.Task2.V10.Lib", "Tyuiu.SorokinMA.Sprint1.Task2.V10.Lib\Tyuiu.SorokinMA.Sprint1.Task2.V10.Lib.csproj", "{ECB377BB-4AB8-4B47-8C3A-07A3511AA5EB}"
EndProject
Project("{FAE04EC0-301F-11D3-BF4B-00C04F79EFBC}") = "Tyuiu.SorokinMA.Sprint1.Task2.V10.Test", "Tyuiu.SorokinMA.Sprint1.Task2.V10.Test\Tyuiu.SorokinMA.Sprint1.Task2.V10.Test.csproj", "{9A350B73-03F0-4846-913D-4E59F8F1D45C}"
EndProject
Project("{2150E333-8FDC-42A3-9474-1A3956D46DE8}") = "Task3", "Task3", "{48BC83D6-D4A7-496F-8641-281CB8466E38}"
EndProject
Project("{FAE04EC0-301F-11D3-BF4B-00C04F79EFBC}") = "Tyuiu.SorokinMA.Sprint1.Task3.V15", "Tyuiu.SorokinMA.Sprint1.Task3.V15\Tyuiu.SorokinMA.Sprint1.Task3.V15.csproj", "{98981705-DA3D-44C6-8437-4BAFAF85F7F6}"
EndProject
Project("{FAE04EC0-301F-11D3-BF4B-00C04F79EFBC}") = "Tyuiu.SorokinMA.Sprint1.Task3.V15.Lib", "Tyuiu.SorokinMA.Sprint1.Task3.V15.Lib\Tyuiu.SorokinMA.Sprint1.Task3.V15.Lib.csproj", "{366F6649-187D-42AF-B46A-BC472F61D104}"
EndProject
Project("{FAE04EC0-301F-11D3-BF4B-00C04F79EFBC}") = "Tyuiu.SorokinMA.Sprint1.Task3.V15.Test", "Tyuiu.SorokinMA.Sprint1.Task3.V15.Test\Tyuiu.SorokinMA.Sprint1.Task3.V15.Test.csproj", "{E176DB61-D0B7-4422-A5B6-40633B75CE09}"
EndProject
Project("{2150E333-8FDC-42A3-9474-1A3956D46DE8}") = "Task4", "Task4", "{84F2F748-1EF7-4222-B121-200C9CAE10B4}"
EndProject
Project("{FAE04EC0-301F-11D3-BF4B-00C04F79EFBC}") = "Tyuiu.SorokinMA.Sprint1.Task4.V11", "Tyuiu.SorokinMA.Sprint1.Task4.V11\Tyuiu.SorokinMA.Sprint1.Task4.V11.csproj", "{DD97084C-8D85-44B3-BA13-FF40330575B3}"
EndProject
Project("{FAE04EC0-301F-11D3-BF4B-00C04F79EFBC}") = "Tyuiu.SorokinMA.Sprint1.Task4.V11.Lib", "Tyuiu.SorokinMA.Sprint1.Task4.V11.Lib\Tyuiu.SorokinMA.Sprint1.Task4.V11.Lib.csproj", "{D30B6499-3A4E-46E3-B6FD-874A666F18AB}"
EndProject
Project("{FAE04EC0-301F-11D3-BF4B-00C04F79EFBC}") = "Tyuiu.SorokinMA.Sprint1.Task4.V11.Test", "Tyuiu.SorokinMA.Sprint1.Task4.V11.Test\Tyuiu.SorokinMA.Sprint1.Task4.V11.Test.csproj", "{E1943A26-DCD8-441D-B025-F929530E8AA1}"
EndProject
Project("{2150E333-8FDC-42A3-9474-1A3956D46DE8}") = "Task5", "Task5", "{2AD704EC-19B6-4F59-A535-DA5E86F4D773}"
EndProject
Project("{FAE04EC0-301F-11D3-BF4B-00C04F79EFBC}") = "Tyuiu.SorokinMA.Sprint1.Task5.V7", "Tyuiu.SorokinMA.Sprint1.Task5.V7\Tyuiu.SorokinMA.Sprint1.Task5.V7.csproj", "{ECA6E7EE-D482-413F-AA8A-EBBC91D6E2E9}"
EndProject
Project("{FAE04EC0-301F-11D3-BF4B-00C04F79EFBC}") = "Tyuiu.SorokinMA.Sprint1.Task5.V7.Lib", "Tyuiu.SorokinMA.Sprint1.Task5.V7.Lib\Tyuiu.SorokinMA.Sprint1.Task5.V7.Lib.csproj", "{29E65927-F6C4-4B3B-8D1C-2FB111EA8BA2}"
EndProject
Project("{FAE04EC0-301F-11D3-BF4B-00C04F79EFBC}") = "Tyuiu.SorokinMA.Sprint1.Task5.V7.Test", "Tyuiu.SorokinMA.Sprint1.Task5.V7.Test\Tyuiu.SorokinMA.Sprint1.Task5.V7.Test.csproj", "{47129B5B-15E8-4BE4-A972-2336E47113B2}"
EndProject
Global
	GlobalSection(SolutionConfigurationPlatforms) = preSolution
		Debug|Any CPU = Debug|Any CPU
		Release|Any CPU = Release|Any CPU
	EndGlobalSection
	GlobalSection(ProjectConfigurationPlatforms) = postSolution
		{4A648B2D-2F04-4A93-B608-F514C2465BCB}.Debug|Any CPU.ActiveCfg = Debug|Any CPU
		{4A648B2D-2F04-4A93-B608-F514C2465BCB}.Debug|Any CPU.Build.0 = Debug|Any CPU
		{4A648B2D-2F04-4A93-B608-F514C2465BCB}.Release|Any CPU.ActiveCfg = Release|Any CPU
		{4A648B2D-2F04-4A93-B608-F514C2465BCB}.Release|Any CPU.Build.0 = Release|Any CPU
		{280C43ED-620D-4559-96C2-0674FCCD6F40}.Debug|Any CPU.ActiveCfg = Debug|Any CPU
		{280C43ED-620D-4559-96C2-0674FCCD6F40}.Debug|Any CPU.Build.0 = Debug|Any CPU
		{280C43ED-620D-4559-96C2-0674FCCD6F40}.Release|Any CPU.ActiveCfg = Release|Any CPU
		{280C43ED-620D-4559-96C2-0674FCCD6F40}.Release|Any CPU.Build.0 = Release|Any CPU
		{F469186D-D916-44ED-8A67-E3F403A493F8}.Debug|Any CPU.ActiveCfg = Debug|Any CPU
		{F469186D-D916-44ED-8A67-E3F403A493F8}.Debug|Any CPU.Build.0 = Debug|Any CPU
		{F469186D-D916-44ED-8A67-E3F403A493F8}.Release|Any CPU.ActiveCfg = Release|Any CPU
		{F469186D-D916-44ED-8A67-E3F403A493F8}.Release|Any CPU.Build.0 = Release|Any CPU
		{31C2FA83-12C9-490C-A392-6E25DAD8998E}.Debug|Any CPU.ActiveCfg = Debug|Any CPU
		{31C2FA83-12C9-490C-A392-6E25DAD8998E}.Debug|Any CPU.Build.0 = Debug|Any CPU
		{31C2FA83-12C9-490C-A392-6E25DAD8998E}.Release|Any CPU.ActiveCfg = Release|Any CPU
		{31C2FA83-12C9-490C-A392-6E25DAD8998E}.Release|Any CPU.Build.0 = Release|Any CPU
		{A57B229F-CB05-43BC-80BB-2F57102A41AE}.Debug|Any CPU.ActiveCfg = Debug|Any CPU
		{A57B229F-CB05-43BC-80BB-2F57102A41AE}.Debug|Any CPU.Build.0 = Debug|Any CPU
		{A57B229F-CB05-43BC-80BB-2F57102A41AE}.Release|Any CPU.ActiveCfg = Release|Any CPU
		{A57B229F-CB05-43BC-80BB-2F57102A41AE}.Release|Any CPU.Build.0 = Release|Any CPU
		{368CC720-72A0-4B97-B281-0EFC563AD030}.Debug|Any CPU.ActiveCfg = Debug|Any CPU
		{368CC720-72A0-4B97-B281-0EFC563AD030}.Debug|Any CPU.Build.0 = Debug|Any CPU
		{368CC720-72A0-4B97-B281-0EFC563AD030}.Release|Any CPU.ActiveCfg = Release|Any CPU
		{368CC720-72A0-4B97-B281-0EFC563AD030}.Release|Any CPU.Build.0 = Release|Any CPU
		{EA02B7B0-4761-4E88-8371-278D9375A657}.Debug|Any CPU.ActiveCfg = Debug|Any CPU
		{EA02B7B0-4761-4E88-8371-278D9375A657}.Debug|Any CPU.Build.0 = Debug|Any CPU
		{EA02B7B0-4761-4E88-8371-278D9375A657}.Release|Any CPU.ActiveCfg = Release|Any CPU
		{EA02B7B0-4761-4E88-8371-278D9375A657}.Release|Any CPU.Build.0 = Release|Any CPU
		{ECB377BB-4AB8-4B47-8C3A-07A3511AA5EB}.Debug|Any CPU.ActiveCfg = Debug|Any CPU
		{ECB377BB-4AB8-4B47-8C3A-07A3511AA5EB}.Debug|Any CPU.Build.0 = Debug|Any CPU
		{ECB377BB-4AB8-4B47-8C3A-07A3511AA5EB}.Release|Any CPU.ActiveCfg = Release|Any CPU
		{ECB377BB-4AB8-4B47-8C3A-07A3511AA5EB}.Release|Any CPU.Build.0 = Release|Any CPU
		{9A350B73-03F0-4846-913D-4E59F8F1D45C}.Debug|Any CPU.ActiveCfg = Debug|Any CPU
		{9A350B73-03F0-4846-913D-4E59F8F1D45C}.Debug|Any CPU.Build.0 = Debug|Any CPU
		{9A350B73-03F0-4846-913D-4E59F8F1D45C}.Release|Any CPU.ActiveCfg = Release|Any CPU
		{9A350B73-03F0-4846-913D-4E59F8F1D45C}.Release|Any CPU.Build.0 = Release|Any CPU
		{98981705-DA3D-44C6-8437-4BAFAF85F7F6}.Debug|Any CPU.ActiveCfg = Debug|Any CPU
		{98981705-DA3D-44C6-8437-4BAFAF85F7F6}.Debug|Any CPU.Build.0 = Debug|Any CPU
		{98981705-DA3D-44C6-8437-4BAFAF85F7F6}.Release|Any CPU.ActiveCfg = Release|Any CPU
		{98981705-DA3D-44C6-8437-4BAFAF85F7F6}.Release|Any CPU.Build.0 = Release|Any CPU
		{366F6649-187D-42AF-B46A-BC472F61D104}.Debug|Any CPU.ActiveCfg = Debug|Any CPU
		{366F6649-187D-42AF-B46A-BC472F61D104}.Debug|Any CPU.Build.0 = Debug|Any CPU
		{366F6649-187D-42AF-B46A-BC472F61D104}.Release|Any CPU.ActiveCfg = Release|Any CPU
		{366F6649-187D-42AF-B46A-BC472F61D104}.Release|Any CPU.Build.0 = Release|Any CPU
		{E176DB61-D0B7-4422-A5B6-40633B75CE09}.Debug|Any CPU.ActiveCfg = Debug|Any CPU
		{E176DB61-D0B7-4422-A5B6-40633B75CE09}.Debug|Any CPU.Build.0 = Debug|Any CPU
		{E176DB61-D0B7-4422-A5B6-40633B75CE09}.Release|Any CPU.ActiveCfg = Release|Any CPU
		{E176DB61-D0B7-4422-A5B6-40633B75CE09}.Release|Any CPU.Build.0 = Release|Any CPU
		{DD97084C-8D85-44B3-BA13-FF40330575B3}.Debug|Any CPU.ActiveCfg = Debug|Any CPU
		{DD97084C-8D85-44B3-BA13-FF40330575B3}.Debug|Any CPU.Build.0 = Debug|Any CPU
		{DD97084C-8D85-44B3-BA13-FF40330575B3}.Release|Any CPU.ActiveCfg = Release|Any CPU
		{DD97084C-8D85-44B3-BA13-FF40330575B3}.Release|Any CPU.Build.0 = Release|Any CPU
		{D30B6499-3A4E-46E3-B6FD-874A666F18AB}.Debug|Any CPU.ActiveCfg = Debug|Any CPU
		{D30B6499-3A4E-46E3-B6FD-874A666F18AB}.Debug|Any CPU.Build.0 = Debug|Any CPU
		{D30B6499-3A4E-46E3-B6FD-874A666F18AB}.Release|Any CPU.ActiveCfg = Release|Any CPU
		{D30B6499-3A4E-46E3-B6FD-874A666F18AB}.Release|Any CPU.Build.0 = Release|Any CPU
		{E1943A26-DCD8-441D-B025-F929530E8AA1}.Debug|Any CPU.ActiveCfg = Debug|Any CPU
		{E1943A26-DCD8-441D-B025-F929530E8AA1}.Debug|Any CPU.Build.0 = Debug|Any CPU
		{E1943A26-DCD8-441D-B025-F929530E8AA1}.Release|Any CPU.ActiveCfg = Release|Any CPU
		{E1943A26-DCD8-441D-B025-F929530E8AA1}.Release|Any CPU.Build.0 = Release|Any CPU
		{ECA6E7EE-D482-413F-AA8A-EBBC91D6E2E9}.Debug|Any CPU.ActiveCfg = Debug|Any CPU
		{ECA6E7EE-D482-413F-AA8A-EBBC91D6E2E9}.Debug|Any CPU.Build.0 = Debug|Any CPU
		{ECA6E7EE-D482-413F-AA8A-EBBC91D6E2E9}.Release|Any CPU.ActiveCfg = Release|Any CPU
		{ECA6E7EE-D482-413F-AA8A-EBBC91D6E2E9}.Release|Any CPU.Build.0 = Release|Any CPU
		{29E65927-F6C4-4B3B-8D1C-2FB111EA8BA2}.Debug|Any CPU.ActiveCfg = Debug|Any CPU
		{29E65927-F6C4-4B3B-8D1C-2FB111EA8BA2}.Debug|Any CPU.Build.0 = Debug|Any CPU
		{29E65927-F6C4-4B3B-8D1C-2FB111EA8BA2}.Release|Any CPU.ActiveCfg = Release|Any CPU
		{29E65927-F6C4-4B3B-8D1C-2FB111EA8BA2}.Release|Any CPU.Build.0 = Release|Any CPU
		{47129B5B-15E8-4BE4-A972-2336E47113B2}.Debug|Any CPU.ActiveCfg = Debug|Any CPU
		{47129B5B-15E8-4BE4-A972-2336E47113B2}.Debug|Any CPU.Build.0 = Debug|Any CPU
		{47129B5B-15E8-4BE4-A972-2336E47113B2}.Release|Any CPU.ActiveCfg = Release|Any CPU
		{47129B5B-15E8-4BE4-A972-2336E47113B2}.Release|Any CPU.Build.0 = Release|Any CPU
	EndGlobalSection
	GlobalSection(SolutionProperties) = preSolution
		HideSolutionNode = FALSE
	EndGlobalSection
	GlobalSection(NestedProjects) = preSolution
		{4A648B2D-2F04-4A93-B608-F514C2465BCB} = {B7DA126F-EE2B-457D-8F80-B74A8D10899C}
		{280C43ED-620D-4559-96C2-0674FCCD6F40} = {B7DA126F-EE2B-457D-8F80-B74A8D10899C}
		{F469186D-D916-44ED-8A67-E3F403A493F8} = {B7DA126F-EE2B-457D-8F80-B74A8D10899C}
		{31C2FA83-12C9-490C-A392-6E25DAD8998E} = {7F7066F1-5BD7-4E23-86AD-437E3656EC83}
		{A57B229F-CB05-43BC-80BB-2F57102A41AE} = {7F7066F1-5BD7-4E23-86AD-437E3656EC83}
		{368CC720-72A0-4B97-B281-0EFC563AD030} = {7F7066F1-5BD7-4E23-86AD-437E3656EC83}
		{EA02B7B0-4761-4E88-8371-278D9375A657} = {25437988-9D6F-4C99-BA4B-BBE35A2CE027}
		{ECB377BB-4AB8-4B47-8C3A-07A3511AA5EB} = {25437988-9D6F-4C99-BA4B-BBE35A2CE027}
		{9A350B73-03F0-4846-913D-4E59F8F1D45C} = {25437988-9D6F-4C99-BA4B-BBE35A2CE027}
		{98981705-DA3D-44C6-8437-4BAFAF85F7F6} = {48BC83D6-D4A7-496F-8641-281CB8466E38}
		{366F6649-187D-42AF-B46A-BC472F61D104} = {48BC83D6-D4A7-496F-8641-281CB8466E38}
		{E176DB61-D0B7-4422-A5B6-40633B75CE09} = {48BC83D6-D4A7-496F-8641-281CB8466E38}
		{DD97084C-8D85-44B3-BA13-FF40330575B3} = {84F2F748-1EF7-4222-B121-200C9CAE10B4}
		{D30B6499-3A4E-46E3-B6FD-874A666F18AB} = {84F2F748-1EF7-4222-B121-200C9CAE10B4}
		{E1943A26-DCD8-441D-B025-F929530E8AA1} = {84F2F748-1EF7-4222-B121-200C9CAE10B4}
		{ECA6E7EE-D482-413F-AA8A-EBBC91D6E2E9} = {2AD704EC-19B6-4F59-A535-DA5E86F4D773}
		{29E65927-F6C4-4B3B-8D1C-2FB111EA8BA2} = {2AD704EC-19B6-4F59-A535-DA5E86F4D773}
		{47129B5B-15E8-4BE4-A972-2336E47113B2} = {2AD704EC-19B6-4F59-A535-DA5E86F4D773}
	EndGlobalSection
	GlobalSection(ExtensibilityGlobals) = postSolution
		SolutionGuid = {AE6B3A80-3236-45C2-9961-36CC36EEEDC6}
	EndGlobalSection
EndGlobal
